
Microsoft Visual Studio Solution File, Format Version 12.00
# Visual Studio Version 17
VisualStudioVersion = 17.3.32819.101
MinimumVisualStudioVersion = 10.0.40219.1
Project("{FAE04EC0-301F-11D3-BF4B-00C04F79EFBC}") = "testing", "testing\testing.csproj", "{D775AB45-860B-44B2-B91C-8E8F205BFC2B}"
EndProject
Global
	GlobalSection(SolutionConfigurationPlatforms) = preSolution
		Debug|Any CPU = Debug|Any CPU
		Release|Any CPU = Release|Any CPU
	EndGlobalSection
	GlobalSection(ProjectConfigurationPlatforms) = postSolution
		{D775AB45-860B-44B2-B91C-8E8F205BFC2B}.Debug|Any CPU.ActiveCfg = Debug|Any CPU
		{D775AB45-860B-44B2-B91C-8E8F205BFC2B}.Debug|Any CPU.Build.0 = Debug|Any CPU
		{D775AB45-860B-44B2-B91C-8E8F205BFC2B}.Release|Any CPU.ActiveCfg = Release|Any CPU
		{D775AB45-860B-44B2-B91C-8E8F205BFC2B}.Release|Any CPU.Build.0 = Release|Any CPU
	EndGlobalSection
	GlobalSection(SolutionProperties) = preSolution
		HideSolutionNode = FALSE
	EndGlobalSection
	GlobalSection(ExtensibilityGlobals) = postSolution
		SolutionGuid = {D6AB50D0-BBAF-4436-8EE0-ADB111F0FA67}
	EndGlobalSection
EndGlobal
